// !$*UTF8*$!
{
	archiveVersion = 1;
	classes = {
	};
	objectVersion = 55;
	objects = {

/* Begin PBXBuildFile section */
		2C5166942891E7B000CD666E /* GoogleSignIn in Frameworks */ = {isa = PBXBuildFile; productRef = 2C5166932891E7B000CD666E /* GoogleSignIn */; };
		2C5166972891E8D100CD666E /* SignInScreen.swift in Sources */ = {isa = PBXBuildFile; fileRef = 2C5166962891E8D100CD666E /* SignInScreen.swift */; };
		2C5166992891E8FB00CD666E /* SignInViewModel.swift in Sources */ = {isa = PBXBuildFile; fileRef = 2C5166982891E8FB00CD666E /* SignInViewModel.swift */; };
		2C5E283828913CEA0093CE49 /* HomeView.swift in Sources */ = {isa = PBXBuildFile; fileRef = 2C5E283728913CEA0093CE49 /* HomeView.swift */; };
		2C5E283A28913D240093CE49 /* HomeViewModel.swift in Sources */ = {isa = PBXBuildFile; fileRef = 2C5E283928913D240093CE49 /* HomeViewModel.swift */; };
		2C5E283E2891432D0093CE49 /* RecordButton.swift in Sources */ = {isa = PBXBuildFile; fileRef = 2C5E283D2891432D0093CE49 /* RecordButton.swift */; };
		2C5E2842289152460093CE49 /* GoogleService-Info.plist in Resources */ = {isa = PBXBuildFile; fileRef = 2C5E2841289152460093CE49 /* GoogleService-Info.plist */; };
		2C5E2845289154330093CE49 /* FirebaseAnalytics in Frameworks */ = {isa = PBXBuildFile; productRef = 2C5E2844289154330093CE49 /* FirebaseAnalytics */; };
		2C5E2847289154330093CE49 /* FirebaseAnalyticsOnDeviceConversion in Frameworks */ = {isa = PBXBuildFile; productRef = 2C5E2846289154330093CE49 /* FirebaseAnalyticsOnDeviceConversion */; };
		2C5E2849289154330093CE49 /* FirebaseAnalyticsSwift in Frameworks */ = {isa = PBXBuildFile; productRef = 2C5E2848289154330093CE49 /* FirebaseAnalyticsSwift */; };
		2C5E284B289154330093CE49 /* FirebaseAnalyticsWithoutAdIdSupport in Frameworks */ = {isa = PBXBuildFile; productRef = 2C5E284A289154330093CE49 /* FirebaseAnalyticsWithoutAdIdSupport */; };
		2C5E284D289154330093CE49 /* FirebaseAuth in Frameworks */ = {isa = PBXBuildFile; productRef = 2C5E284C289154330093CE49 /* FirebaseAuth */; };
		2C5E284F289154330093CE49 /* FirebaseCrashlytics in Frameworks */ = {isa = PBXBuildFile; productRef = 2C5E284E289154330093CE49 /* FirebaseCrashlytics */; };
		2C5E2851289154330093CE49 /* FirebaseFirestore in Frameworks */ = {isa = PBXBuildFile; productRef = 2C5E2850289154330093CE49 /* FirebaseFirestore */; };
		2C5E2853289154330093CE49 /* FirebaseFirestoreSwift in Frameworks */ = {isa = PBXBuildFile; productRef = 2C5E2852289154330093CE49 /* FirebaseFirestoreSwift */; };
		2C5E2855289154330093CE49 /* FirebaseStorage in Frameworks */ = {isa = PBXBuildFile; productRef = 2C5E2854289154330093CE49 /* FirebaseStorage */; };
		2C6D9DFC2893DBAB0060C665 /* Application.swift in Sources */ = {isa = PBXBuildFile; fileRef = 2C6D9DFB2893DBAB0060C665 /* Application.swift */; };
		2CE138D4287446540061AA95 /* OpenUpApp.swift in Sources */ = {isa = PBXBuildFile; fileRef = 2CE138D3287446540061AA95 /* OpenUpApp.swift */; };
		2CE138D6287446540061AA95 /* OpenUpView.swift in Sources */ = {isa = PBXBuildFile; fileRef = 2CE138D5287446540061AA95 /* OpenUpView.swift */; };
		2CE138D8287446570061AA95 /* Assets.xcassets in Resources */ = {isa = PBXBuildFile; fileRef = 2CE138D7287446570061AA95 /* Assets.xcassets */; };
		2CE138DB287446570061AA95 /* Preview Assets.xcassets in Resources */ = {isa = PBXBuildFile; fileRef = 2CE138DA287446570061AA95 /* Preview Assets.xcassets */; };
/* End PBXBuildFile section */

/* Begin PBXFileReference section */
		2C5166912891E6A200CD666E /* Info.plist */ = {isa = PBXFileReference; lastKnownFileType = text.plist; path = Info.plist; sourceTree = "<group>"; };
		2C5166962891E8D100CD666E /* SignInScreen.swift */ = {isa = PBXFileReference; lastKnownFileType = sourcecode.swift; path = SignInScreen.swift; sourceTree = "<group>"; };
		2C5166982891E8FB00CD666E /* SignInViewModel.swift */ = {isa = PBXFileReference; lastKnownFileType = sourcecode.swift; path = SignInViewModel.swift; sourceTree = "<group>"; };
		2C5E283728913CEA0093CE49 /* HomeView.swift */ = {isa = PBXFileReference; lastKnownFileType = sourcecode.swift; path = HomeView.swift; sourceTree = "<group>"; };
		2C5E283928913D240093CE49 /* HomeViewModel.swift */ = {isa = PBXFileReference; lastKnownFileType = sourcecode.swift; path = HomeViewModel.swift; sourceTree = "<group>"; };
		2C5E283D2891432D0093CE49 /* RecordButton.swift */ = {isa = PBXFileReference; lastKnownFileType = sourcecode.swift; path = RecordButton.swift; sourceTree = "<group>"; };
		2C5E2841289152460093CE49 /* GoogleService-Info.plist */ = {isa = PBXFileReference; fileEncoding = 4; lastKnownFileType = text.plist.xml; path = "GoogleService-Info.plist"; sourceTree = "<group>"; };
		2C6D9DFB2893DBAB0060C665 /* Application.swift */ = {isa = PBXFileReference; lastKnownFileType = sourcecode.swift; path = Application.swift; sourceTree = "<group>"; };
		2CE138D0287446540061AA95 /* OpenUp.app */ = {isa = PBXFileReference; explicitFileType = wrapper.application; includeInIndex = 0; path = OpenUp.app; sourceTree = BUILT_PRODUCTS_DIR; };
		2CE138D3287446540061AA95 /* OpenUpApp.swift */ = {isa = PBXFileReference; lastKnownFileType = sourcecode.swift; path = OpenUpApp.swift; sourceTree = "<group>"; };
		2CE138D5287446540061AA95 /* OpenUpView.swift */ = {isa = PBXFileReference; lastKnownFileType = sourcecode.swift; path = OpenUpView.swift; sourceTree = "<group>"; };
		2CE138D7287446570061AA95 /* Assets.xcassets */ = {isa = PBXFileReference; lastKnownFileType = folder.assetcatalog; path = Assets.xcassets; sourceTree = "<group>"; };
		2CE138DA287446570061AA95 /* Preview Assets.xcassets */ = {isa = PBXFileReference; lastKnownFileType = folder.assetcatalog; path = "Preview Assets.xcassets"; sourceTree = "<group>"; };
/* End PBXFileReference section */

/* Begin PBXFrameworksBuildPhase section */
		2CE138CD287446540061AA95 /* Frameworks */ = {
			isa = PBXFrameworksBuildPhase;
			buildActionMask = 2147483647;
			files = (
				2C5E2849289154330093CE49 /* FirebaseAnalyticsSwift in Frameworks */,
				2C5E284D289154330093CE49 /* FirebaseAuth in Frameworks */,
				2C5E2855289154330093CE49 /* FirebaseStorage in Frameworks */,
				2C5E2845289154330093CE49 /* FirebaseAnalytics in Frameworks */,
				2C5E284F289154330093CE49 /* FirebaseCrashlytics in Frameworks */,
				2C5166942891E7B000CD666E /* GoogleSignIn in Frameworks */,
				2C5E2847289154330093CE49 /* FirebaseAnalyticsOnDeviceConversion in Frameworks */,
				2C5E284B289154330093CE49 /* FirebaseAnalyticsWithoutAdIdSupport in Frameworks */,
				2C5E2851289154330093CE49 /* FirebaseFirestore in Frameworks */,
				2C5E2853289154330093CE49 /* FirebaseFirestoreSwift in Frameworks */,
			);
			runOnlyForDeploymentPostprocessing = 0;
		};
/* End PBXFrameworksBuildPhase section */

/* Begin PBXGroup section */
		2C5166952891E8A900CD666E /* SignIn */ = {
			isa = PBXGroup;
			children = (
				2C5166962891E8D100CD666E /* SignInScreen.swift */,
				2C5166982891E8FB00CD666E /* SignInViewModel.swift */,
			);
			path = SignIn;
			sourceTree = "<group>";
		};
		2C5E283528913CD00093CE49 /* Screens */ = {
			isa = PBXGroup;
			children = (
				2C5166952891E8A900CD666E /* SignIn */,
				2C5E283628913CD90093CE49 /* Home */,
			);
			path = Screens;
			sourceTree = "<group>";
		};
		2C5E283628913CD90093CE49 /* Home */ = {
			isa = PBXGroup;
			children = (
				2C5E283728913CEA0093CE49 /* HomeView.swift */,
				2C5E283928913D240093CE49 /* HomeViewModel.swift */,
			);
			path = Home;
			sourceTree = "<group>";
		};
		2C5E283B289143130093CE49 /* Views */ = {
			isa = PBXGroup;
			children = (
				2C5E283C2891431C0093CE49 /* Buttons */,
			);
			path = Views;
			sourceTree = "<group>";
		};
		2C5E283C2891431C0093CE49 /* Buttons */ = {
			isa = PBXGroup;
			children = (
				2C5E283D2891432D0093CE49 /* RecordButton.swift */,
			);
			path = Buttons;
			sourceTree = "<group>";
		};
		2C6D9DFA2893DB8F0060C665 /* Utilities */ = {
			isa = PBXGroup;
			children = (
				2C6D9DFB2893DBAB0060C665 /* Application.swift */,
			);
			path = Utilities;
			sourceTree = "<group>";
		};
		2CE138C7287446540061AA95 = {
			isa = PBXGroup;
			children = (
				2CE138D2287446540061AA95 /* OpenUp */,
				2CE138D1287446540061AA95 /* Products */,
			);
			sourceTree = "<group>";
		};
		2CE138D1287446540061AA95 /* Products */ = {
			isa = PBXGroup;
			children = (
				2CE138D0287446540061AA95 /* OpenUp.app */,
			);
			name = Products;
			sourceTree = "<group>";
		};
		2CE138D2287446540061AA95 /* OpenUp */ = {
			isa = PBXGroup;
			children = (
				2C6D9DFA2893DB8F0060C665 /* Utilities */,
				2C5166912891E6A200CD666E /* Info.plist */,
				2C5E283B289143130093CE49 /* Views */,
				2C5E283528913CD00093CE49 /* Screens */,
				2CE138D3287446540061AA95 /* OpenUpApp.swift */,
				2CE138D5287446540061AA95 /* OpenUpView.swift */,
				2CE138D7287446570061AA95 /* Assets.xcassets */,
				2C5E2841289152460093CE49 /* GoogleService-Info.plist */,
				2CE138D9287446570061AA95 /* Preview Content */,
			);
			path = OpenUp;
			sourceTree = "<group>";
		};
		2CE138D9287446570061AA95 /* Preview Content */ = {
			isa = PBXGroup;
			children = (
				2CE138DA287446570061AA95 /* Preview Assets.xcassets */,
			);
			path = "Preview Content";
			sourceTree = "<group>";
		};
/* End PBXGroup section */

/* Begin PBXNativeTarget section */
		2CE138CF287446540061AA95 /* OpenUp */ = {
			isa = PBXNativeTarget;
			buildConfigurationList = 2CE138DE287446570061AA95 /* Build configuration list for PBXNativeTarget "OpenUp" */;
			buildPhases = (
				2CE138CC287446540061AA95 /* Sources */,
				2CE138CD287446540061AA95 /* Frameworks */,
				2CE138CE287446540061AA95 /* Resources */,
			);
			buildRules = (
			);
			dependencies = (
			);
			name = OpenUp;
			packageProductDependencies = (
				2C5E2844289154330093CE49 /* FirebaseAnalytics */,
				2C5E2846289154330093CE49 /* FirebaseAnalyticsOnDeviceConversion */,
				2C5E2848289154330093CE49 /* FirebaseAnalyticsSwift */,
				2C5E284A289154330093CE49 /* FirebaseAnalyticsWithoutAdIdSupport */,
				2C5E284C289154330093CE49 /* FirebaseAuth */,
				2C5E284E289154330093CE49 /* FirebaseCrashlytics */,
				2C5E2850289154330093CE49 /* FirebaseFirestore */,
				2C5E2852289154330093CE49 /* FirebaseFirestoreSwift */,
				2C5E2854289154330093CE49 /* FirebaseStorage */,
				2C5166932891E7B000CD666E /* GoogleSignIn */,
			);
			productName = OpenUp;
			productReference = 2CE138D0287446540061AA95 /* OpenUp.app */;
			productType = "com.apple.product-type.application";
		};
/* End PBXNativeTarget section */

/* Begin PBXProject section */
		2CE138C8287446540061AA95 /* Project object */ = {
			isa = PBXProject;
			attributes = {
				BuildIndependentTargetsInParallel = 1;
				LastSwiftUpdateCheck = 1340;
				LastUpgradeCheck = 1340;
				TargetAttributes = {
					2CE138CF287446540061AA95 = {
						CreatedOnToolsVersion = 13.4.1;
					};
				};
			};
			buildConfigurationList = 2CE138CB287446540061AA95 /* Build configuration list for PBXProject "OpenUp" */;
			compatibilityVersion = "Xcode 13.0";
			developmentRegion = en;
			hasScannedForEncodings = 0;
			knownRegions = (
				en,
				Base,
			);
			mainGroup = 2CE138C7287446540061AA95;
			packageReferences = (
				2C5E2843289154330093CE49 /* XCRemoteSwiftPackageReference "firebase-ios-sdk" */,
				2C5166922891E7AF00CD666E /* XCRemoteSwiftPackageReference "GoogleSignIn-iOS" */,
			);
			productRefGroup = 2CE138D1287446540061AA95 /* Products */;
			projectDirPath = "";
			projectRoot = "";
			targets = (
				2CE138CF287446540061AA95 /* OpenUp */,
			);
		};
/* End PBXProject section */

/* Begin PBXResourcesBuildPhase section */
		2CE138CE287446540061AA95 /* Resources */ = {
			isa = PBXResourcesBuildPhase;
			buildActionMask = 2147483647;
			files = (
				2CE138DB287446570061AA95 /* Preview Assets.xcassets in Resources */,
				2CE138D8287446570061AA95 /* Assets.xcassets in Resources */,
				2C5E2842289152460093CE49 /* GoogleService-Info.plist in Resources */,
			);
			runOnlyForDeploymentPostprocessing = 0;
		};
/* End PBXResourcesBuildPhase section */

/* Begin PBXSourcesBuildPhase section */
		2CE138CC287446540061AA95 /* Sources */ = {
			isa = PBXSourcesBuildPhase;
			buildActionMask = 2147483647;
			files = (
				2C6D9DFC2893DBAB0060C665 /* Application.swift in Sources */,
				2C5E283828913CEA0093CE49 /* HomeView.swift in Sources */,
				2C5E283E2891432D0093CE49 /* RecordButton.swift in Sources */,
				2C5166992891E8FB00CD666E /* SignInViewModel.swift in Sources */,
				2CE138D6287446540061AA95 /* OpenUpView.swift in Sources */,
				2CE138D4287446540061AA95 /* OpenUpApp.swift in Sources */,
				2C5E283A28913D240093CE49 /* HomeViewModel.swift in Sources */,
				2C5166972891E8D100CD666E /* SignInScreen.swift in Sources */,
			);
			runOnlyForDeploymentPostprocessing = 0;
		};
/* End PBXSourcesBuildPhase section */

/* Begin XCBuildConfiguration section */
		2CE138DC287446570061AA95 /* Debug */ = {
			isa = XCBuildConfiguration;
			buildSettings = {
				ALWAYS_SEARCH_USER_PATHS = NO;
				CLANG_ANALYZER_NONNULL = YES;
				CLANG_ANALYZER_NUMBER_OBJECT_CONVERSION = YES_AGGRESSIVE;
				CLANG_CXX_LANGUAGE_STANDARD = "gnu++17";
				CLANG_ENABLE_MODULES = YES;
				CLANG_ENABLE_OBJC_ARC = YES;
				CLANG_ENABLE_OBJC_WEAK = YES;
				CLANG_WARN_BLOCK_CAPTURE_AUTORELEASING = YES;
				CLANG_WARN_BOOL_CONVERSION = YES;
				CLANG_WARN_COMMA = YES;
				CLANG_WARN_CONSTANT_CONVERSION = YES;
				CLANG_WARN_DEPRECATED_OBJC_IMPLEMENTATIONS = YES;
				CLANG_WARN_DIRECT_OBJC_ISA_USAGE = YES_ERROR;
				CLANG_WARN_DOCUMENTATION_COMMENTS = YES;
				CLANG_WARN_EMPTY_BODY = YES;
				CLANG_WARN_ENUM_CONVERSION = YES;
				CLANG_WARN_INFINITE_RECURSION = YES;
				CLANG_WARN_INT_CONVERSION = YES;
				CLANG_WARN_NON_LITERAL_NULL_CONVERSION = YES;
				CLANG_WARN_OBJC_IMPLICIT_RETAIN_SELF = YES;
				CLANG_WARN_OBJC_LITERAL_CONVERSION = YES;
				CLANG_WARN_OBJC_ROOT_CLASS = YES_ERROR;
				CLANG_WARN_QUOTED_INCLUDE_IN_FRAMEWORK_HEADER = YES;
				CLANG_WARN_RANGE_LOOP_ANALYSIS = YES;
				CLANG_WARN_STRICT_PROTOTYPES = YES;
				CLANG_WARN_SUSPICIOUS_MOVE = YES;
				CLANG_WARN_UNGUARDED_AVAILABILITY = YES_AGGRESSIVE;
				CLANG_WARN_UNREACHABLE_CODE = YES;
				CLANG_WARN__DUPLICATE_METHOD_MATCH = YES;
				COPY_PHASE_STRIP = NO;
				DEBUG_INFORMATION_FORMAT = dwarf;
				ENABLE_STRICT_OBJC_MSGSEND = YES;
				ENABLE_TESTABILITY = YES;
				GCC_C_LANGUAGE_STANDARD = gnu11;
				GCC_DYNAMIC_NO_PIC = NO;
				GCC_NO_COMMON_BLOCKS = YES;
				GCC_OPTIMIZATION_LEVEL = 0;
				GCC_PREPROCESSOR_DEFINITIONS = (
					"DEBUG=1",
					"$(inherited)",
				);
				GCC_WARN_64_TO_32_BIT_CONVERSION = YES;
				GCC_WARN_ABOUT_RETURN_TYPE = YES_ERROR;
				GCC_WARN_UNDECLARED_SELECTOR = YES;
				GCC_WARN_UNINITIALIZED_AUTOS = YES_AGGRESSIVE;
				GCC_WARN_UNUSED_FUNCTION = YES;
				GCC_WARN_UNUSED_VARIABLE = YES;
				IPHONEOS_DEPLOYMENT_TARGET = 15.5;
				MTL_ENABLE_DEBUG_INFO = INCLUDE_SOURCE;
				MTL_FAST_MATH = YES;
				ONLY_ACTIVE_ARCH = YES;
				SDKROOT = iphoneos;
				SWIFT_ACTIVE_COMPILATION_CONDITIONS = DEBUG;
				SWIFT_OPTIMIZATION_LEVEL = "-Onone";
			};
			name = Debug;
		};
		2CE138DD287446570061AA95 /* Release */ = {
			isa = XCBuildConfiguration;
			buildSettings = {
				ALWAYS_SEARCH_USER_PATHS = NO;
				CLANG_ANALYZER_NONNULL = YES;
				CLANG_ANALYZER_NUMBER_OBJECT_CONVERSION = YES_AGGRESSIVE;
				CLANG_CXX_LANGUAGE_STANDARD = "gnu++17";
				CLANG_ENABLE_MODULES = YES;
				CLANG_ENABLE_OBJC_ARC = YES;
				CLANG_ENABLE_OBJC_WEAK = YES;
				CLANG_WARN_BLOCK_CAPTURE_AUTORELEASING = YES;
				CLANG_WARN_BOOL_CONVERSION = YES;
				CLANG_WARN_COMMA = YES;
				CLANG_WARN_CONSTANT_CONVERSION = YES;
				CLANG_WARN_DEPRECATED_OBJC_IMPLEMENTATIONS = YES;
				CLANG_WARN_DIRECT_OBJC_ISA_USAGE = YES_ERROR;
				CLANG_WARN_DOCUMENTATION_COMMENTS = YES;
				CLANG_WARN_EMPTY_BODY = YES;
				CLANG_WARN_ENUM_CONVERSION = YES;
				CLANG_WARN_INFINITE_RECURSION = YES;
				CLANG_WARN_INT_CONVERSION = YES;
				CLANG_WARN_NON_LITERAL_NULL_CONVERSION = YES;
				CLANG_WARN_OBJC_IMPLICIT_RETAIN_SELF = YES;
				CLANG_WARN_OBJC_LITERAL_CONVERSION = YES;
				CLANG_WARN_OBJC_ROOT_CLASS = YES_ERROR;
				CLANG_WARN_QUOTED_INCLUDE_IN_FRAMEWORK_HEADER = YES;
				CLANG_WARN_RANGE_LOOP_ANALYSIS = YES;
				CLANG_WARN_STRICT_PROTOTYPES = YES;
				CLANG_WARN_SUSPICIOUS_MOVE = YES;
				CLANG_WARN_UNGUARDED_AVAILABILITY = YES_AGGRESSIVE;
				CLANG_WARN_UNREACHABLE_CODE = YES;
				CLANG_WARN__DUPLICATE_METHOD_MATCH = YES;
				COPY_PHASE_STRIP = NO;
				DEBUG_INFORMATION_FORMAT = "dwarf-with-dsym";
				ENABLE_NS_ASSERTIONS = NO;
				ENABLE_STRICT_OBJC_MSGSEND = YES;
				GCC_C_LANGUAGE_STANDARD = gnu11;
				GCC_NO_COMMON_BLOCKS = YES;
				GCC_WARN_64_TO_32_BIT_CONVERSION = YES;
				GCC_WARN_ABOUT_RETURN_TYPE = YES_ERROR;
				GCC_WARN_UNDECLARED_SELECTOR = YES;
				GCC_WARN_UNINITIALIZED_AUTOS = YES_AGGRESSIVE;
				GCC_WARN_UNUSED_FUNCTION = YES;
				GCC_WARN_UNUSED_VARIABLE = YES;
				IPHONEOS_DEPLOYMENT_TARGET = 15.5;
				MTL_ENABLE_DEBUG_INFO = NO;
				MTL_FAST_MATH = YES;
				SDKROOT = iphoneos;
				SWIFT_COMPILATION_MODE = wholemodule;
				SWIFT_OPTIMIZATION_LEVEL = "-O";
				VALIDATE_PRODUCT = YES;
			};
			name = Release;
		};
		2CE138DF287446570061AA95 /* Debug */ = {
			isa = XCBuildConfiguration;
			buildSettings = {
				ASSETCATALOG_COMPILER_APPICON_NAME = AppIcon;
				ASSETCATALOG_COMPILER_GLOBAL_ACCENT_COLOR_NAME = AccentColor;
				CODE_SIGN_STYLE = Automatic;
				CURRENT_PROJECT_VERSION = 1;
				DEVELOPMENT_ASSET_PATHS = "\"OpenUp/Preview Content\"";
				DEVELOPMENT_TEAM = 3A4MTG5775;
				ENABLE_PREVIEWS = YES;
				GENERATE_INFOPLIST_FILE = YES;
				INFOPLIST_FILE = OpenUp/Info.plist;
				INFOPLIST_KEY_NSMicrophoneUsageDescription = "";
				INFOPLIST_KEY_UIApplicationSceneManifest_Generation = YES;
				INFOPLIST_KEY_UIApplicationSupportsIndirectInputEvents = YES;
				INFOPLIST_KEY_UILaunchScreen_Generation = YES;
				INFOPLIST_KEY_UISupportedInterfaceOrientations_iPad = "UIInterfaceOrientationPortrait UIInterfaceOrientationPortraitUpsideDown UIInterfaceOrientationLandscapeLeft UIInterfaceOrientationLandscapeRight";
				INFOPLIST_KEY_UISupportedInterfaceOrientations_iPhone = "UIInterfaceOrientationPortrait UIInterfaceOrientationLandscapeLeft UIInterfaceOrientationLandscapeRight";
				LD_RUNPATH_SEARCH_PATHS = (
					"$(inherited)",
					"@executable_path/Frameworks",
				);
				MARKETING_VERSION = 1.0;
				PRODUCT_BUNDLE_IDENTIFIER = com.josetone.OpenUp;
				PRODUCT_NAME = "$(TARGET_NAME)";
				SWIFT_EMIT_LOC_STRINGS = YES;
				SWIFT_VERSION = 5.0;
				TARGETED_DEVICE_FAMILY = "1,2";
			};
			name = Debug;
		};
		2CE138E0287446570061AA95 /* Release */ = {
			isa = XCBuildConfiguration;
			buildSettings = {
				ASSETCATALOG_COMPILER_APPICON_NAME = AppIcon;
				ASSETCATALOG_COMPILER_GLOBAL_ACCENT_COLOR_NAME = AccentColor;
				CODE_SIGN_STYLE = Automatic;
				CURRENT_PROJECT_VERSION = 1;
				DEVELOPMENT_ASSET_PATHS = "\"OpenUp/Preview Content\"";
				DEVELOPMENT_TEAM = 3A4MTG5775;
				ENABLE_PREVIEWS = YES;
				GENERATE_INFOPLIST_FILE = YES;
				INFOPLIST_FILE = OpenUp/Info.plist;
				INFOPLIST_KEY_NSMicrophoneUsageDescription = "";
				INFOPLIST_KEY_UIApplicationSceneManifest_Generation = YES;
				INFOPLIST_KEY_UIApplicationSupportsIndirectInputEvents = YES;
				INFOPLIST_KEY_UILaunchScreen_Generation = YES;
				INFOPLIST_KEY_UISupportedInterfaceOrientations_iPad = "UIInterfaceOrientationPortrait UIInterfaceOrientationPortraitUpsideDown UIInterfaceOrientationLandscapeLeft UIInterfaceOrientationLandscapeRight";
				INFOPLIST_KEY_UISupportedInterfaceOrientations_iPhone = "UIInterfaceOrientationPortrait UIInterfaceOrientationLandscapeLeft UIInterfaceOrientationLandscapeRight";
				LD_RUNPATH_SEARCH_PATHS = (
					"$(inherited)",
					"@executable_path/Frameworks",
				);
				MARKETING_VERSION = 1.0;
				PRODUCT_BUNDLE_IDENTIFIER = com.josetone.OpenUp;
				PRODUCT_NAME = "$(TARGET_NAME)";
				SWIFT_EMIT_LOC_STRINGS = YES;
				SWIFT_VERSION = 5.0;
				TARGETED_DEVICE_FAMILY = "1,2";
			};
			name = Release;
		};
/* End XCBuildConfiguration section */

/* Begin XCConfigurationList section */
		2CE138CB287446540061AA95 /* Build configuration list for PBXProject "OpenUp" */ = {
			isa = XCConfigurationList;
			buildConfigurations = (
				2CE138DC287446570061AA95 /* Debug */,
				2CE138DD287446570061AA95 /* Release */,
			);
			defaultConfigurationIsVisible = 0;
			defaultConfigurationName = Release;
		};
		2CE138DE287446570061AA95 /* Build configuration list for PBXNativeTarget "OpenUp" */ = {
			isa = XCConfigurationList;
			buildConfigurations = (
				2CE138DF287446570061AA95 /* Debug */,
				2CE138E0287446570061AA95 /* Release */,
			);
			defaultConfigurationIsVisible = 0;
			defaultConfigurationName = Release;
		};
/* End XCConfigurationList section */

/* Begin XCRemoteSwiftPackageReference section */
		2C5166922891E7AF00CD666E /* XCRemoteSwiftPackageReference "GoogleSignIn-iOS" */ = {
			isa = XCRemoteSwiftPackageReference;
			repositoryURL = "https://github.com/google/GoogleSignIn-iOS.git";
			requirement = {
				kind = upToNextMajorVersion;
				minimumVersion = 6.0.0;
			};
		};
		2C5E2843289154330093CE49 /* XCRemoteSwiftPackageReference "firebase-ios-sdk" */ = {
			isa = XCRemoteSwiftPackageReference;
			repositoryURL = "https://github.com/firebase/firebase-ios-sdk";
			requirement = {
				kind = upToNextMajorVersion;
				minimumVersion = 9.0.0;
			};
		};
/* End XCRemoteSwiftPackageReference section */

/* Begin XCSwiftPackageProductDependency section */
		2C5166932891E7B000CD666E /* GoogleSignIn */ = {
			isa = XCSwiftPackageProductDependency;
			package = 2C5166922891E7AF00CD666E /* XCRemoteSwiftPackageReference "GoogleSignIn-iOS" */;
			productName = GoogleSignIn;
		};
		2C5E2844289154330093CE49 /* FirebaseAnalytics */ = {
			isa = XCSwiftPackageProductDependency;
			package = 2C5E2843289154330093CE49 /* XCRemoteSwiftPackageReference "firebase-ios-sdk" */;
			productName = FirebaseAnalytics;
		};
		2C5E2846289154330093CE49 /* FirebaseAnalyticsOnDeviceConversion */ = {
			isa = XCSwiftPackageProductDependency;
			package = 2C5E2843289154330093CE49 /* XCRemoteSwiftPackageReference "firebase-ios-sdk" */;
			productName = FirebaseAnalyticsOnDeviceConversion;
		};
		2C5E2848289154330093CE49 /* FirebaseAnalyticsSwift */ = {
			isa = XCSwiftPackageProductDependency;
			package = 2C5E2843289154330093CE49 /* XCRemoteSwiftPackageReference "firebase-ios-sdk" */;
			productName = FirebaseAnalyticsSwift;
		};
		2C5E284A289154330093CE49 /* FirebaseAnalyticsWithoutAdIdSupport */ = {
			isa = XCSwiftPackageProductDependency;
			package = 2C5E2843289154330093CE49 /* XCRemoteSwiftPackageReference "firebase-ios-sdk" */;
			productName = FirebaseAnalyticsWithoutAdIdSupport;
		};
		2C5E284C289154330093CE49 /* FirebaseAuth */ = {
			isa = XCSwiftPackageProductDependency;
			package = 2C5E2843289154330093CE49 /* XCRemoteSwiftPackageReference "firebase-ios-sdk" */;
			productName = FirebaseAuth;
		};
		2C5E284E289154330093CE49 /* FirebaseCrashlytics */ = {
			isa = XCSwiftPackageProductDependency;
			package = 2C5E2843289154330093CE49 /* XCRemoteSwiftPackageReference "firebase-ios-sdk" */;
			productName = FirebaseCrashlytics;
		};
		2C5E2850289154330093CE49 /* FirebaseFirestore */ = {
			isa = XCSwiftPackageProductDependency;
			package = 2C5E2843289154330093CE49 /* XCRemoteSwiftPackageReference "firebase-ios-sdk" */;
			productName = FirebaseFirestore;
		};
		2C5E2852289154330093CE49 /* FirebaseFirestoreSwift */ = {
			isa = XCSwiftPackageProductDependency;
			package = 2C5E2843289154330093CE49 /* XCRemoteSwiftPackageReference "firebase-ios-sdk" */;
			productName = FirebaseFirestoreSwift;
		};
		2C5E2854289154330093CE49 /* FirebaseStorage */ = {
			isa = XCSwiftPackageProductDependency;
			package = 2C5E2843289154330093CE49 /* XCRemoteSwiftPackageReference "firebase-ios-sdk" */;
			productName = FirebaseStorage;
		};
/* End XCSwiftPackageProductDependency section */
	};
	rootObject = 2CE138C8287446540061AA95 /* Project object */;
}
